
Microsoft Visual Studio Solution File, Format Version 12.00
# Visual Studio Version 17
VisualStudioVersion = 17.6.33801.468
MinimumVisualStudioVersion = 10.0.40219.1
Project("{FAE04EC0-301F-11D3-BF4B-00C04F79EFBC}") = "WebApplication_MVC_Demo2", "WebApplication_MVC_Demo2\WebApplication_MVC_Demo2.csproj", "{DD475575-980D-4529-B065-08F4CA4CEF7E}"
EndProject
Global
	GlobalSection(SolutionConfigurationPlatforms) = preSolution
		Debug|Any CPU = Debug|Any CPU
		Release|Any CPU = Release|Any CPU
	EndGlobalSection
	GlobalSection(ProjectConfigurationPlatforms) = postSolution
		{DD475575-980D-4529-B065-08F4CA4CEF7E}.Debug|Any CPU.ActiveCfg = Debug|Any CPU
		{DD475575-980D-4529-B065-08F4CA4CEF7E}.Debug|Any CPU.Build.0 = Debug|Any CPU
		{DD475575-980D-4529-B065-08F4CA4CEF7E}.Release|Any CPU.ActiveCfg = Release|Any CPU
		{DD475575-980D-4529-B065-08F4CA4CEF7E}.Release|Any CPU.Build.0 = Release|Any CPU
	EndGlobalSection
	GlobalSection(SolutionProperties) = preSolution
		HideSolutionNode = FALSE
	EndGlobalSection
	GlobalSection(ExtensibilityGlobals) = postSolution
		SolutionGuid = {209D3671-4A17-46C8-B0B3-844EACA23C47}
	EndGlobalSection
EndGlobal
